// !$*UTF8*$!
{
	archiveVersion = 1;
	classes = {
	};
	objectVersion = 50;
	objects = {

/* Begin PBXBuildFile section */
		FB1A17D720F42FDC0084092F /* AppDelegate.swift in Sources */ = {isa = PBXBuildFile; fileRef = FB1A17D620F42FDC0084092F /* AppDelegate.swift */; };
		FB1A17D920F42FDC0084092F /* ViewController.swift in Sources */ = {isa = PBXBuildFile; fileRef = FB1A17D820F42FDC0084092F /* ViewController.swift */; };
		FB1A17DC20F42FDC0084092F /* Main.storyboard in Resources */ = {isa = PBXBuildFile; fileRef = FB1A17DA20F42FDC0084092F /* Main.storyboard */; };
		FB1A17DE20F42FE10084092F /* Assets.xcassets in Resources */ = {isa = PBXBuildFile; fileRef = FB1A17DD20F42FE10084092F /* Assets.xcassets */; };
		FB1A17E120F42FE10084092F /* LaunchScreen.storyboard in Resources */ = {isa = PBXBuildFile; fileRef = FB1A17DF20F42FE10084092F /* LaunchScreen.storyboard */; };
		FB1A17E920F431010084092F /* XView.swift in Sources */ = {isa = PBXBuildFile; fileRef = FB1A17E820F431010084092F /* XView.swift */; };
		FB9B7CF220F6CB5D0069A2A5 /* Grid.swift in Sources */ = {isa = PBXBuildFile; fileRef = FB9B7CF120F6CB5D0069A2A5 /* Grid.swift */; };
/* End PBXBuildFile section */

/* Begin PBXFileReference section */
		FB1A17D320F42FDC0084092F /* Lecture04.app */ = {isa = PBXFileReference; explicitFileType = wrapper.application; includeInIndex = 0; path = Lecture04.app; sourceTree = BUILT_PRODUCTS_DIR; };
		FB1A17D620F42FDC0084092F /* AppDelegate.swift */ = {isa = PBXFileReference; lastKnownFileType = sourcecode.swift; path = AppDelegate.swift; sourceTree = "<group>"; };
		FB1A17D820F42FDC0084092F /* ViewController.swift */ = {isa = PBXFileReference; lastKnownFileType = sourcecode.swift; path = ViewController.swift; sourceTree = "<group>"; };
		FB1A17DB20F42FDC0084092F /* Base */ = {isa = PBXFileReference; lastKnownFileType = file.storyboard; name = Base; path = Base.lproj/Main.storyboard; sourceTree = "<group>"; };
		FB1A17DD20F42FE10084092F /* Assets.xcassets */ = {isa = PBXFileReference; lastKnownFileType = folder.assetcatalog; path = Assets.xcassets; sourceTree = "<group>"; };
		FB1A17E020F42FE10084092F /* Base */ = {isa = PBXFileReference; lastKnownFileType = file.storyboard; name = Base; path = Base.lproj/LaunchScreen.storyboard; sourceTree = "<group>"; };
		FB1A17E220F42FE10084092F /* Info.plist */ = {isa = PBXFileReference; lastKnownFileType = text.plist.xml; path = Info.plist; sourceTree = "<group>"; };
		FB1A17E820F431010084092F /* XView.swift */ = {isa = PBXFileReference; lastKnownFileType = sourcecode.swift; path = XView.swift; sourceTree = "<group>"; };
		FB9B7CF120F6CB5D0069A2A5 /* Grid.swift */ = {isa = PBXFileReference; lastKnownFileType = sourcecode.swift; path = Grid.swift; sourceTree = "<group>"; };
/* End PBXFileReference section */

/* Begin PBXFrameworksBuildPhase section */
		FB1A17D020F42FDC0084092F /* Frameworks */ = {
			isa = PBXFrameworksBuildPhase;
			buildActionMask = 2147483647;
			files = (
			);
			runOnlyForDeploymentPostprocessing = 0;
		};
/* End PBXFrameworksBuildPhase section */

/* Begin PBXGroup section */
		FB1A17CA20F42FDC0084092F = {
			isa = PBXGroup;
			children = (
				FB1A17D520F42FDC0084092F /* Lecture04 */,
				FB1A17D420F42FDC0084092F /* Products */,
			);
			sourceTree = "<group>";
		};
		FB1A17D420F42FDC0084092F /* Products */ = {
			isa = PBXGroup;
			children = (
				FB1A17D320F42FDC0084092F /* Lecture04.app */,
			);
			name = Products;
			sourceTree = "<group>";
		};
		FB1A17D520F42FDC0084092F /* Lecture04 */ = {
			isa = PBXGroup;
			children = (
				FB1A17D620F42FDC0084092F /* AppDelegate.swift */,
				FB1A17D820F42FDC0084092F /* ViewController.swift */,
				FB1A17DA20F42FDC0084092F /* Main.storyboard */,
				FB1A17DD20F42FE10084092F /* Assets.xcassets */,
				FB1A17DF20F42FE10084092F /* LaunchScreen.storyboard */,
				FB1A17E220F42FE10084092F /* Info.plist */,
				FB1A17E820F431010084092F /* XView.swift */,
				FB9B7CF120F6CB5D0069A2A5 /* Grid.swift */,
			);
			path = Lecture04;
			sourceTree = "<group>";
		};
/* End PBXGroup section */

/* Begin PBXNativeTarget section */
		FB1A17D220F42FDC0084092F /* Lecture04 */ = {
			isa = PBXNativeTarget;
			buildConfigurationList = FB1A17E520F42FE10084092F /* Build configuration list for PBXNativeTarget "Lecture04" */;
			buildPhases = (
				FB1A17CF20F42FDC0084092F /* Sources */,
				FB1A17D020F42FDC0084092F /* Frameworks */,
				FB1A17D120F42FDC0084092F /* Resources */,
			);
			buildRules = (
			);
			dependencies = (
			);
			name = Lecture04;
			productName = Lecture04;
			productReference = FB1A17D320F42FDC0084092F /* Lecture04.app */;
			productType = "com.apple.product-type.application";
		};
/* End PBXNativeTarget section */

/* Begin PBXProject section */
		FB1A17CB20F42FDC0084092F /* Project object */ = {
			isa = PBXProject;
			attributes = {
				LastSwiftUpdateCheck = 0940;
				LastUpgradeCheck = 0940;
				ORGANIZATIONNAME = "ComputeCycles, LLC";
				TargetAttributes = {
					FB1A17D220F42FDC0084092F = {
						CreatedOnToolsVersion = 9.4.1;
					};
				};
			};
			buildConfigurationList = FB1A17CE20F42FDC0084092F /* Build configuration list for PBXProject "Lecture04" */;
			compatibilityVersion = "Xcode 9.3";
			developmentRegion = en;
			hasScannedForEncodings = 0;
			knownRegions = (
				en,
				Base,
			);
			mainGroup = FB1A17CA20F42FDC0084092F;
			productRefGroup = FB1A17D420F42FDC0084092F /* Products */;
			projectDirPath = "";
			projectRoot = "";
			targets = (
				FB1A17D220F42FDC0084092F /* Lecture04 */,
			);
		};
/* End PBXProject section */

/* Begin PBXResourcesBuildPhase section */
		FB1A17D120F42FDC0084092F /* Resources */ = {
			isa = PBXResourcesBuildPhase;
			buildActionMask = 2147483647;
			files = (
				FB1A17E120F42FE10084092F /* LaunchScreen.storyboard in Resources */,
				FB1A17DE20F42FE10084092F /* Assets.xcassets in Resources */,
				FB1A17DC20F42FDC0084092F /* Main.storyboard in Resources */,
			);
			runOnlyForDeploymentPostprocessing = 0;
		};
/* End PBXResourcesBuildPhase section */

/* Begin PBXSourcesBuildPhase section */
		FB1A17CF20F42FDC0084092F /* Sources */ = {
			isa = PBXSourcesBuildPhase;
			buildActionMask = 2147483647;
			files = (
				FB1A17E920F431010084092F /* XView.swift in Sources */,
				FB1A17D920F42FDC0084092F /* ViewController.swift in Sources */,
				FB1A17D720F42FDC0084092F /* AppDelegate.swift in Sources */,
				FB9B7CF220F6CB5D0069A2A5 /* Grid.swift in Sources */,
			);
			runOnlyForDeploymentPostprocessing = 0;
		};
/* End PBXSourcesBuildPhase section */

/* Begin PBXVariantGroup section */
		FB1A17DA20F42FDC0084092F /* Main.storyboard */ = {
			isa = PBXVariantGroup;
			children = (
				FB1A17DB20F42FDC0084092F /* Base */,
			);
			name = Main.storyboard;
			sourceTree = "<group>";
		};
		FB1A17DF20F42FE10084092F /* LaunchScreen.storyboard */ = {
			isa = PBXVariantGroup;
			children = (
				FB1A17E020F42FE10084092F /* Base */,
			);
			name = LaunchScreen.storyboard;
			sourceTree = "<group>";
		};
/* End PBXVariantGroup section */

/* Begin XCBuildConfiguration section */
		FB1A17E320F42FE10084092F /* Debug */ = {
			isa = XCBuildConfiguration;
			buildSettings = {
				ALWAYS_SEARCH_USER_PATHS = NO;
				CLANG_ANALYZER_NONNULL = YES;
				CLANG_ANALYZER_NUMBER_OBJECT_CONVERSION = YES_AGGRESSIVE;
				CLANG_CXX_LANGUAGE_STANDARD = "gnu++14";
				CLANG_CXX_LIBRARY = "libc++";
				CLANG_ENABLE_MODULES = YES;
				CLANG_ENABLE_OBJC_ARC = YES;
				CLANG_ENABLE_OBJC_WEAK = YES;
				CLANG_WARN_BLOCK_CAPTURE_AUTORELEASING = YES;
				CLANG_WARN_BOOL_CONVERSION = YES;
				CLANG_WARN_COMMA = YES;
				CLANG_WARN_CONSTANT_CONVERSION = YES;
				CLANG_WARN_DEPRECATED_OBJC_IMPLEMENTATIONS = YES;
				CLANG_WARN_DIRECT_OBJC_ISA_USAGE = YES_ERROR;
				CLANG_WARN_DOCUMENTATION_COMMENTS = YES;
				CLANG_WARN_EMPTY_BODY = YES;
				CLANG_WARN_ENUM_CONVERSION = YES;
				CLANG_WARN_INFINITE_RECURSION = YES;
				CLANG_WARN_INT_CONVERSION = YES;
				CLANG_WARN_NON_LITERAL_NULL_CONVERSION = YES;
				CLANG_WARN_OBJC_IMPLICIT_RETAIN_SELF = YES;
				CLANG_WARN_OBJC_LITERAL_CONVERSION = YES;
				CLANG_WARN_OBJC_ROOT_CLASS = YES_ERROR;
				CLANG_WARN_RANGE_LOOP_ANALYSIS = YES;
				CLANG_WARN_STRICT_PROTOTYPES = YES;
				CLANG_WARN_SUSPICIOUS_MOVE = YES;
				CLANG_WARN_UNGUARDED_AVAILABILITY = YES_AGGRESSIVE;
				CLANG_WARN_UNREACHABLE_CODE = YES;
				CLANG_WARN__DUPLICATE_METHOD_MATCH = YES;
				CODE_SIGN_IDENTITY = "iPhone Developer";
				COPY_PHASE_STRIP = NO;
				DEBUG_INFORMATION_FORMAT = dwarf;
				ENABLE_STRICT_OBJC_MSGSEND = YES;
				ENABLE_TESTABILITY = YES;
				GCC_C_LANGUAGE_STANDARD = gnu11;
				GCC_DYNAMIC_NO_PIC = NO;
				GCC_NO_COMMON_BLOCKS = YES;
				GCC_OPTIMIZATION_LEVEL = 0;
				GCC_PREPROCESSOR_DEFINITIONS = (
					"DEBUG=1",
					"$(inherited)",
				);
				GCC_WARN_64_TO_32_BIT_CONVERSION = YES;
				GCC_WARN_ABOUT_RETURN_TYPE = YES_ERROR;
				GCC_WARN_UNDECLARED_SELECTOR = YES;
				GCC_WARN_UNINITIALIZED_AUTOS = YES_AGGRESSIVE;
				GCC_WARN_UNUSED_FUNCTION = YES;
				GCC_WARN_UNUSED_VARIABLE = YES;
				IPHONEOS_DEPLOYMENT_TARGET = 11.4;
				MTL_ENABLE_DEBUG_INFO = YES;
				ONLY_ACTIVE_ARCH = YES;
				SDKROOT = iphoneos;
				SWIFT_ACTIVE_COMPILATION_CONDITIONS = DEBUG;
				SWIFT_OPTIMIZATION_LEVEL = "-Onone";
			};
			name = Debug;
		};
		FB1A17E420F42FE10084092F /* Release */ = {
			isa = XCBuildConfiguration;
			buildSettings = {
				ALWAYS_SEARCH_USER_PATHS = NO;
				CLANG_ANALYZER_NONNULL = YES;
				CLANG_ANALYZER_NUMBER_OBJECT_CONVERSION = YES_AGGRESSIVE;
				CLANG_CXX_LANGUAGE_STANDARD = "gnu++14";
				CLANG_CXX_LIBRARY = "libc++";
				CLANG_ENABLE_MODULES = YES;
				CLANG_ENABLE_OBJC_ARC = YES;
				CLANG_ENABLE_OBJC_WEAK = YES;
				CLANG_WARN_BLOCK_CAPTURE_AUTORELEASING = YES;
				CLANG_WARN_BOOL_CONVERSION = YES;
				CLANG_WARN_COMMA = YES;
				CLANG_WARN_CONSTANT_CONVERSION = YES;
				CLANG_WARN_DEPRECATED_OBJC_IMPLEMENTATIONS = YES;
				CLANG_WARN_DIRECT_OBJC_ISA_USAGE = YES_ERROR;
				CLANG_WARN_DOCUMENTATION_COMMENTS = YES;
				CLANG_WARN_EMPTY_BODY = YES;
				CLANG_WARN_ENUM_CONVERSION = YES;
				CLANG_WARN_INFINITE_RECURSION = YES;
				CLANG_WARN_INT_CONVERSION = YES;
				CLANG_WARN_NON_LITERAL_NULL_CONVERSION = YES;
				CLANG_WARN_OBJC_IMPLICIT_RETAIN_SELF = YES;
				CLANG_WARN_OBJC_LITERAL_CONVERSION = YES;
				CLANG_WARN_OBJC_ROOT_CLASS = YES_ERROR;
				CLANG_WARN_RANGE_LOOP_ANALYSIS = YES;
				CLANG_WARN_STRICT_PROTOTYPES = YES;
				CLANG_WARN_SUSPICIOUS_MOVE = YES;
				CLANG_WARN_UNGUARDED_AVAILABILITY = YES_AGGRESSIVE;
				CLANG_WARN_UNREACHABLE_CODE = YES;
				CLANG_WARN__DUPLICATE_METHOD_MATCH = YES;
				CODE_SIGN_IDENTITY = "iPhone Developer";
				COPY_PHASE_STRIP = NO;
				DEBUG_INFORMATION_FORMAT = "dwarf-with-dsym";
				ENABLE_NS_ASSERTIONS = NO;
				ENABLE_STRICT_OBJC_MSGSEND = YES;
				GCC_C_LANGUAGE_STANDARD = gnu11;
				GCC_NO_COMMON_BLOCKS = YES;
				GCC_WARN_64_TO_32_BIT_CONVERSION = YES;
				GCC_WARN_ABOUT_RETURN_TYPE = YES_ERROR;
				GCC_WARN_UNDECLARED_SELECTOR = YES;
				GCC_WARN_UNINITIALIZED_AUTOS = YES_AGGRESSIVE;
				GCC_WARN_UNUSED_FUNCTION = YES;
				GCC_WARN_UNUSED_VARIABLE = YES;
				IPHONEOS_DEPLOYMENT_TARGET = 11.4;
				MTL_ENABLE_DEBUG_INFO = NO;
				SDKROOT = iphoneos;
				SWIFT_COMPILATION_MODE = wholemodule;
				SWIFT_OPTIMIZATION_LEVEL = "-O";
				VALIDATE_PRODUCT = YES;
			};
			name = Release;
		};
		FB1A17E620F42FE10084092F /* Debug */ = {
			isa = XCBuildConfiguration;
			buildSettings = {
				ASSETCATALOG_COMPILER_APPICON_NAME = AppIcon;
				CODE_SIGN_STYLE = Automatic;
				DEVELOPMENT_TEAM = 49D8NY9JB9;
				INFOPLIST_FILE = Lecture04/Info.plist;
				LD_RUNPATH_SEARCH_PATHS = (
					"$(inherited)",
					"@executable_path/Frameworks",
				);
				PRODUCT_BUNDLE_IDENTIFIER = computecycles.com.Lecture04;
				PRODUCT_NAME = "$(TARGET_NAME)";
				SWIFT_VERSION = 4.0;
				TARGETED_DEVICE_FAMILY = "1,2";
			};
			name = Debug;
		};
		FB1A17E720F42FE10084092F /* Release */ = {
			isa = XCBuildConfiguration;
			buildSettings = {
				ASSETCATALOG_COMPILER_APPICON_NAME = AppIcon;
				CODE_SIGN_STYLE = Automatic;
				DEVELOPMENT_TEAM = 49D8NY9JB9;
				INFOPLIST_FILE = Lecture04/Info.plist;
				LD_RUNPATH_SEARCH_PATHS = (
					"$(inherited)",
					"@executable_path/Frameworks",
				);
				PRODUCT_BUNDLE_IDENTIFIER = computecycles.com.Lecture04;
				PRODUCT_NAME = "$(TARGET_NAME)";
				SWIFT_VERSION = 4.0;
				TARGETED_DEVICE_FAMILY = "1,2";
			};
			name = Release;
		};
/* End XCBuildConfiguration section */

/* Begin XCConfigurationList section */
		FB1A17CE20F42FDC0084092F /* Build configuration list for PBXProject "Lecture04" */ = {
			isa = XCConfigurationList;
			buildConfigurations = (
				FB1A17E320F42FE10084092F /* Debug */,
				FB1A17E420F42FE10084092F /* Release */,
			);
			defaultConfigurationIsVisible = 0;
			defaultConfigurationName = Release;
		};
		FB1A17E520F42FE10084092F /* Build configuration list for PBXNativeTarget "Lecture04" */ = {
			isa = XCConfigurationList;
			buildConfigurations = (
				FB1A17E620F42FE10084092F /* Debug */,
				FB1A17E720F42FE10084092F /* Release */,
			);
			defaultConfigurationIsVisible = 0;
			defaultConfigurationName = Release;
		};
/* End XCConfigurationList section */
	};
	rootObject = FB1A17CB20F42FDC0084092F /* Project object */;
}
