// !$*UTF8*$!
{
	archiveVersion = 1;
	classes = {
	};
	objectVersion = 50;
	objects = {

/* Begin PBXBuildFile section */
		FB628AD3210FD8AC009A56F9 /* AppDelegate.swift in Sources */ = {isa = PBXBuildFile; fileRef = FB628AD2210FD8AC009A56F9 /* AppDelegate.swift */; };
		FB628AD5210FD8AC009A56F9 /* SimulationViewController.swift in Sources */ = {isa = PBXBuildFile; fileRef = FB628AD4210FD8AC009A56F9 /* SimulationViewController.swift */; };
		FB628AD7210FD8AC009A56F9 /* StatisticsViewController.swift in Sources */ = {isa = PBXBuildFile; fileRef = FB628AD6210FD8AC009A56F9 /* StatisticsViewController.swift */; };
		FB628ADA210FD8AC009A56F9 /* Main.storyboard in Resources */ = {isa = PBXBuildFile; fileRef = FB628AD8210FD8AC009A56F9 /* Main.storyboard */; };
		FB628ADC210FD8B0009A56F9 /* Assets.xcassets in Resources */ = {isa = PBXBuildFile; fileRef = FB628ADB210FD8B0009A56F9 /* Assets.xcassets */; };
		FB628ADF210FD8B0009A56F9 /* LaunchScreen.storyboard in Resources */ = {isa = PBXBuildFile; fileRef = FB628ADD210FD8B0009A56F9 /* LaunchScreen.storyboard */; };
		FB628AE7210FDBA8009A56F9 /* InstrumentationViewController.swift in Sources */ = {isa = PBXBuildFile; fileRef = FB628AE6210FDBA8009A56F9 /* InstrumentationViewController.swift */; };
		FB628AE9210FDBD5009A56F9 /* ConfigurationTableViewController.swift in Sources */ = {isa = PBXBuildFile; fileRef = FB628AE8210FDBD5009A56F9 /* ConfigurationTableViewController.swift */; };
		FB628AEB210FDBED009A56F9 /* GridEditorViewController.swift in Sources */ = {isa = PBXBuildFile; fileRef = FB628AEA210FDBED009A56F9 /* GridEditorViewController.swift */; };
		FB628AED210FDC88009A56F9 /* Grid.swift in Sources */ = {isa = PBXBuildFile; fileRef = FB628AEC210FDC88009A56F9 /* Grid.swift */; };
		FB628AEF210FDCC0009A56F9 /* GridView.swift in Sources */ = {isa = PBXBuildFile; fileRef = FB628AEE210FDCC0009A56F9 /* GridView.swift */; };
		FB628AF1210FDE4C009A56F9 /* Fetcher.swift in Sources */ = {isa = PBXBuildFile; fileRef = FB628AF0210FDE4C009A56F9 /* Fetcher.swift */; };
		FB628AF3210FE2D0009A56F9 /* Configuration.swift in Sources */ = {isa = PBXBuildFile; fileRef = FB628AF2210FE2D0009A56F9 /* Configuration.swift */; };
/* End PBXBuildFile section */

/* Begin PBXFileReference section */
		FB628ACF210FD8AC009A56F9 /* Lecture10.app */ = {isa = PBXFileReference; explicitFileType = wrapper.application; includeInIndex = 0; path = Lecture10.app; sourceTree = BUILT_PRODUCTS_DIR; };
		FB628AD2210FD8AC009A56F9 /* AppDelegate.swift */ = {isa = PBXFileReference; lastKnownFileType = sourcecode.swift; path = AppDelegate.swift; sourceTree = "<group>"; };
		FB628AD4210FD8AC009A56F9 /* SimulationViewController.swift */ = {isa = PBXFileReference; lastKnownFileType = sourcecode.swift; path = SimulationViewController.swift; sourceTree = "<group>"; };
		FB628AD6210FD8AC009A56F9 /* StatisticsViewController.swift */ = {isa = PBXFileReference; lastKnownFileType = sourcecode.swift; path = StatisticsViewController.swift; sourceTree = "<group>"; };
		FB628AD9210FD8AC009A56F9 /* Base */ = {isa = PBXFileReference; lastKnownFileType = file.storyboard; name = Base; path = Base.lproj/Main.storyboard; sourceTree = "<group>"; };
		FB628ADB210FD8B0009A56F9 /* Assets.xcassets */ = {isa = PBXFileReference; lastKnownFileType = folder.assetcatalog; path = Assets.xcassets; sourceTree = "<group>"; };
		FB628ADE210FD8B0009A56F9 /* Base */ = {isa = PBXFileReference; lastKnownFileType = file.storyboard; name = Base; path = Base.lproj/LaunchScreen.storyboard; sourceTree = "<group>"; };
		FB628AE0210FD8B0009A56F9 /* Info.plist */ = {isa = PBXFileReference; lastKnownFileType = text.plist.xml; path = Info.plist; sourceTree = "<group>"; };
		FB628AE6210FDBA8009A56F9 /* InstrumentationViewController.swift */ = {isa = PBXFileReference; lastKnownFileType = sourcecode.swift; path = InstrumentationViewController.swift; sourceTree = "<group>"; };
		FB628AE8210FDBD5009A56F9 /* ConfigurationTableViewController.swift */ = {isa = PBXFileReference; lastKnownFileType = sourcecode.swift; path = ConfigurationTableViewController.swift; sourceTree = "<group>"; };
		FB628AEA210FDBED009A56F9 /* GridEditorViewController.swift */ = {isa = PBXFileReference; lastKnownFileType = sourcecode.swift; path = GridEditorViewController.swift; sourceTree = "<group>"; };
		FB628AEC210FDC88009A56F9 /* Grid.swift */ = {isa = PBXFileReference; lastKnownFileType = sourcecode.swift; path = Grid.swift; sourceTree = "<group>"; };
		FB628AEE210FDCC0009A56F9 /* GridView.swift */ = {isa = PBXFileReference; lastKnownFileType = sourcecode.swift; path = GridView.swift; sourceTree = "<group>"; };
		FB628AF0210FDE4C009A56F9 /* Fetcher.swift */ = {isa = PBXFileReference; lastKnownFileType = sourcecode.swift; path = Fetcher.swift; sourceTree = "<group>"; };
		FB628AF2210FE2D0009A56F9 /* Configuration.swift */ = {isa = PBXFileReference; lastKnownFileType = sourcecode.swift; path = Configuration.swift; sourceTree = "<group>"; };
/* End PBXFileReference section */

/* Begin PBXFrameworksBuildPhase section */
		FB628ACC210FD8AC009A56F9 /* Frameworks */ = {
			isa = PBXFrameworksBuildPhase;
			buildActionMask = 2147483647;
			files = (
			);
			runOnlyForDeploymentPostprocessing = 0;
		};
/* End PBXFrameworksBuildPhase section */

/* Begin PBXGroup section */
		FB628AC6210FD8AC009A56F9 = {
			isa = PBXGroup;
			children = (
				FB628AD1210FD8AC009A56F9 /* Lecture10 */,
				FB628AD0210FD8AC009A56F9 /* Products */,
			);
			sourceTree = "<group>";
		};
		FB628AD0210FD8AC009A56F9 /* Products */ = {
			isa = PBXGroup;
			children = (
				FB628ACF210FD8AC009A56F9 /* Lecture10.app */,
			);
			name = Products;
			sourceTree = "<group>";
		};
		FB628AD1210FD8AC009A56F9 /* Lecture10 */ = {
			isa = PBXGroup;
			children = (
				FB628AD2210FD8AC009A56F9 /* AppDelegate.swift */,
				FB628AE6210FDBA8009A56F9 /* InstrumentationViewController.swift */,
				FB628AD4210FD8AC009A56F9 /* SimulationViewController.swift */,
				FB628AD6210FD8AC009A56F9 /* StatisticsViewController.swift */,
				FB628AE8210FDBD5009A56F9 /* ConfigurationTableViewController.swift */,
				FB628AEA210FDBED009A56F9 /* GridEditorViewController.swift */,
				FB628AD8210FD8AC009A56F9 /* Main.storyboard */,
				FB628AEC210FDC88009A56F9 /* Grid.swift */,
				FB628AF2210FE2D0009A56F9 /* Configuration.swift */,
				FB628AF0210FDE4C009A56F9 /* Fetcher.swift */,
				FB628AEE210FDCC0009A56F9 /* GridView.swift */,
				FB628ADB210FD8B0009A56F9 /* Assets.xcassets */,
				FB628ADD210FD8B0009A56F9 /* LaunchScreen.storyboard */,
				FB628AE0210FD8B0009A56F9 /* Info.plist */,
			);
			path = Lecture10;
			sourceTree = "<group>";
		};
/* End PBXGroup section */

/* Begin PBXNativeTarget section */
		FB628ACE210FD8AC009A56F9 /* Lecture10 */ = {
			isa = PBXNativeTarget;
			buildConfigurationList = FB628AE3210FD8B0009A56F9 /* Build configuration list for PBXNativeTarget "Lecture10" */;
			buildPhases = (
				FB628ACB210FD8AC009A56F9 /* Sources */,
				FB628ACC210FD8AC009A56F9 /* Frameworks */,
				FB628ACD210FD8AC009A56F9 /* Resources */,
			);
			buildRules = (
			);
			dependencies = (
			);
			name = Lecture10;
			productName = Lecture10;
			productReference = FB628ACF210FD8AC009A56F9 /* Lecture10.app */;
			productType = "com.apple.product-type.application";
		};
/* End PBXNativeTarget section */

/* Begin PBXProject section */
		FB628AC7210FD8AC009A56F9 /* Project object */ = {
			isa = PBXProject;
			attributes = {
				LastSwiftUpdateCheck = 0940;
				LastUpgradeCheck = 0940;
				ORGANIZATIONNAME = "ComputeCycles, LLC";
				TargetAttributes = {
					FB628ACE210FD8AC009A56F9 = {
						CreatedOnToolsVersion = 9.4.1;
					};
				};
			};
			buildConfigurationList = FB628ACA210FD8AC009A56F9 /* Build configuration list for PBXProject "Lecture10" */;
			compatibilityVersion = "Xcode 9.3";
			developmentRegion = en;
			hasScannedForEncodings = 0;
			knownRegions = (
				en,
				Base,
			);
			mainGroup = FB628AC6210FD8AC009A56F9;
			productRefGroup = FB628AD0210FD8AC009A56F9 /* Products */;
			projectDirPath = "";
			projectRoot = "";
			targets = (
				FB628ACE210FD8AC009A56F9 /* Lecture10 */,
			);
		};
/* End PBXProject section */

/* Begin PBXResourcesBuildPhase section */
		FB628ACD210FD8AC009A56F9 /* Resources */ = {
			isa = PBXResourcesBuildPhase;
			buildActionMask = 2147483647;
			files = (
				FB628ADF210FD8B0009A56F9 /* LaunchScreen.storyboard in Resources */,
				FB628ADC210FD8B0009A56F9 /* Assets.xcassets in Resources */,
				FB628ADA210FD8AC009A56F9 /* Main.storyboard in Resources */,
			);
			runOnlyForDeploymentPostprocessing = 0;
		};
/* End PBXResourcesBuildPhase section */

/* Begin PBXSourcesBuildPhase section */
		FB628ACB210FD8AC009A56F9 /* Sources */ = {
			isa = PBXSourcesBuildPhase;
			buildActionMask = 2147483647;
			files = (
				FB628AD7210FD8AC009A56F9 /* StatisticsViewController.swift in Sources */,
				FB628AE9210FDBD5009A56F9 /* ConfigurationTableViewController.swift in Sources */,
				FB628AEF210FDCC0009A56F9 /* GridView.swift in Sources */,
				FB628AE7210FDBA8009A56F9 /* InstrumentationViewController.swift in Sources */,
				FB628AEB210FDBED009A56F9 /* GridEditorViewController.swift in Sources */,
				FB628AD3210FD8AC009A56F9 /* AppDelegate.swift in Sources */,
				FB628AF3210FE2D0009A56F9 /* Configuration.swift in Sources */,
				FB628AED210FDC88009A56F9 /* Grid.swift in Sources */,
				FB628AD5210FD8AC009A56F9 /* SimulationViewController.swift in Sources */,
				FB628AF1210FDE4C009A56F9 /* Fetcher.swift in Sources */,
			);
			runOnlyForDeploymentPostprocessing = 0;
		};
/* End PBXSourcesBuildPhase section */

/* Begin PBXVariantGroup section */
		FB628AD8210FD8AC009A56F9 /* Main.storyboard */ = {
			isa = PBXVariantGroup;
			children = (
				FB628AD9210FD8AC009A56F9 /* Base */,
			);
			name = Main.storyboard;
			sourceTree = "<group>";
		};
		FB628ADD210FD8B0009A56F9 /* LaunchScreen.storyboard */ = {
			isa = PBXVariantGroup;
			children = (
				FB628ADE210FD8B0009A56F9 /* Base */,
			);
			name = LaunchScreen.storyboard;
			sourceTree = "<group>";
		};
/* End PBXVariantGroup section */

/* Begin XCBuildConfiguration section */
		FB628AE1210FD8B0009A56F9 /* Debug */ = {
			isa = XCBuildConfiguration;
			buildSettings = {
				ALWAYS_SEARCH_USER_PATHS = NO;
				CLANG_ANALYZER_NONNULL = YES;
				CLANG_ANALYZER_NUMBER_OBJECT_CONVERSION = YES_AGGRESSIVE;
				CLANG_CXX_LANGUAGE_STANDARD = "gnu++14";
				CLANG_CXX_LIBRARY = "libc++";
				CLANG_ENABLE_MODULES = YES;
				CLANG_ENABLE_OBJC_ARC = YES;
				CLANG_ENABLE_OBJC_WEAK = YES;
				CLANG_WARN_BLOCK_CAPTURE_AUTORELEASING = YES;
				CLANG_WARN_BOOL_CONVERSION = YES;
				CLANG_WARN_COMMA = YES;
				CLANG_WARN_CONSTANT_CONVERSION = YES;
				CLANG_WARN_DEPRECATED_OBJC_IMPLEMENTATIONS = YES;
				CLANG_WARN_DIRECT_OBJC_ISA_USAGE = YES_ERROR;
				CLANG_WARN_DOCUMENTATION_COMMENTS = YES;
				CLANG_WARN_EMPTY_BODY = YES;
				CLANG_WARN_ENUM_CONVERSION = YES;
				CLANG_WARN_INFINITE_RECURSION = YES;
				CLANG_WARN_INT_CONVERSION = YES;
				CLANG_WARN_NON_LITERAL_NULL_CONVERSION = YES;
				CLANG_WARN_OBJC_IMPLICIT_RETAIN_SELF = YES;
				CLANG_WARN_OBJC_LITERAL_CONVERSION = YES;
				CLANG_WARN_OBJC_ROOT_CLASS = YES_ERROR;
				CLANG_WARN_RANGE_LOOP_ANALYSIS = YES;
				CLANG_WARN_STRICT_PROTOTYPES = YES;
				CLANG_WARN_SUSPICIOUS_MOVE = YES;
				CLANG_WARN_UNGUARDED_AVAILABILITY = YES_AGGRESSIVE;
				CLANG_WARN_UNREACHABLE_CODE = YES;
				CLANG_WARN__DUPLICATE_METHOD_MATCH = YES;
				CODE_SIGN_IDENTITY = "iPhone Developer";
				COPY_PHASE_STRIP = NO;
				DEBUG_INFORMATION_FORMAT = dwarf;
				ENABLE_STRICT_OBJC_MSGSEND = YES;
				ENABLE_TESTABILITY = YES;
				GCC_C_LANGUAGE_STANDARD = gnu11;
				GCC_DYNAMIC_NO_PIC = NO;
				GCC_NO_COMMON_BLOCKS = YES;
				GCC_OPTIMIZATION_LEVEL = 0;
				GCC_PREPROCESSOR_DEFINITIONS = (
					"DEBUG=1",
					"$(inherited)",
				);
				GCC_WARN_64_TO_32_BIT_CONVERSION = YES;
				GCC_WARN_ABOUT_RETURN_TYPE = YES_ERROR;
				GCC_WARN_UNDECLARED_SELECTOR = YES;
				GCC_WARN_UNINITIALIZED_AUTOS = YES_AGGRESSIVE;
				GCC_WARN_UNUSED_FUNCTION = YES;
				GCC_WARN_UNUSED_VARIABLE = YES;
				IPHONEOS_DEPLOYMENT_TARGET = 11.4;
				MTL_ENABLE_DEBUG_INFO = YES;
				ONLY_ACTIVE_ARCH = YES;
				SDKROOT = iphoneos;
				SWIFT_ACTIVE_COMPILATION_CONDITIONS = DEBUG;
				SWIFT_OPTIMIZATION_LEVEL = "-Onone";
			};
			name = Debug;
		};
		FB628AE2210FD8B0009A56F9 /* Release */ = {
			isa = XCBuildConfiguration;
			buildSettings = {
				ALWAYS_SEARCH_USER_PATHS = NO;
				CLANG_ANALYZER_NONNULL = YES;
				CLANG_ANALYZER_NUMBER_OBJECT_CONVERSION = YES_AGGRESSIVE;
				CLANG_CXX_LANGUAGE_STANDARD = "gnu++14";
				CLANG_CXX_LIBRARY = "libc++";
				CLANG_ENABLE_MODULES = YES;
				CLANG_ENABLE_OBJC_ARC = YES;
				CLANG_ENABLE_OBJC_WEAK = YES;
				CLANG_WARN_BLOCK_CAPTURE_AUTORELEASING = YES;
				CLANG_WARN_BOOL_CONVERSION = YES;
				CLANG_WARN_COMMA = YES;
				CLANG_WARN_CONSTANT_CONVERSION = YES;
				CLANG_WARN_DEPRECATED_OBJC_IMPLEMENTATIONS = YES;
				CLANG_WARN_DIRECT_OBJC_ISA_USAGE = YES_ERROR;
				CLANG_WARN_DOCUMENTATION_COMMENTS = YES;
				CLANG_WARN_EMPTY_BODY = YES;
				CLANG_WARN_ENUM_CONVERSION = YES;
				CLANG_WARN_INFINITE_RECURSION = YES;
				CLANG_WARN_INT_CONVERSION = YES;
				CLANG_WARN_NON_LITERAL_NULL_CONVERSION = YES;
				CLANG_WARN_OBJC_IMPLICIT_RETAIN_SELF = YES;
				CLANG_WARN_OBJC_LITERAL_CONVERSION = YES;
				CLANG_WARN_OBJC_ROOT_CLASS = YES_ERROR;
				CLANG_WARN_RANGE_LOOP_ANALYSIS = YES;
				CLANG_WARN_STRICT_PROTOTYPES = YES;
				CLANG_WARN_SUSPICIOUS_MOVE = YES;
				CLANG_WARN_UNGUARDED_AVAILABILITY = YES_AGGRESSIVE;
				CLANG_WARN_UNREACHABLE_CODE = YES;
				CLANG_WARN__DUPLICATE_METHOD_MATCH = YES;
				CODE_SIGN_IDENTITY = "iPhone Developer";
				COPY_PHASE_STRIP = NO;
				DEBUG_INFORMATION_FORMAT = "dwarf-with-dsym";
				ENABLE_NS_ASSERTIONS = NO;
				ENABLE_STRICT_OBJC_MSGSEND = YES;
				GCC_C_LANGUAGE_STANDARD = gnu11;
				GCC_NO_COMMON_BLOCKS = YES;
				GCC_WARN_64_TO_32_BIT_CONVERSION = YES;
				GCC_WARN_ABOUT_RETURN_TYPE = YES_ERROR;
				GCC_WARN_UNDECLARED_SELECTOR = YES;
				GCC_WARN_UNINITIALIZED_AUTOS = YES_AGGRESSIVE;
				GCC_WARN_UNUSED_FUNCTION = YES;
				GCC_WARN_UNUSED_VARIABLE = YES;
				IPHONEOS_DEPLOYMENT_TARGET = 11.4;
				MTL_ENABLE_DEBUG_INFO = NO;
				SDKROOT = iphoneos;
				SWIFT_COMPILATION_MODE = wholemodule;
				SWIFT_OPTIMIZATION_LEVEL = "-O";
				VALIDATE_PRODUCT = YES;
			};
			name = Release;
		};
		FB628AE4210FD8B0009A56F9 /* Debug */ = {
			isa = XCBuildConfiguration;
			buildSettings = {
				ASSETCATALOG_COMPILER_APPICON_NAME = AppIcon;
				CODE_SIGN_STYLE = Automatic;
				DEVELOPMENT_TEAM = 49D8NY9JB9;
				INFOPLIST_FILE = Lecture10/Info.plist;
				LD_RUNPATH_SEARCH_PATHS = (
					"$(inherited)",
					"@executable_path/Frameworks",
				);
				PRODUCT_BUNDLE_IDENTIFIER = computecycles.com.Lecture10;
				PRODUCT_NAME = "$(TARGET_NAME)";
				SWIFT_VERSION = 4.0;
				TARGETED_DEVICE_FAMILY = "1,2";
			};
			name = Debug;
		};
		FB628AE5210FD8B0009A56F9 /* Release */ = {
			isa = XCBuildConfiguration;
			buildSettings = {
				ASSETCATALOG_COMPILER_APPICON_NAME = AppIcon;
				CODE_SIGN_STYLE = Automatic;
				DEVELOPMENT_TEAM = 49D8NY9JB9;
				INFOPLIST_FILE = Lecture10/Info.plist;
				LD_RUNPATH_SEARCH_PATHS = (
					"$(inherited)",
					"@executable_path/Frameworks",
				);
				PRODUCT_BUNDLE_IDENTIFIER = computecycles.com.Lecture10;
				PRODUCT_NAME = "$(TARGET_NAME)";
				SWIFT_VERSION = 4.0;
				TARGETED_DEVICE_FAMILY = "1,2";
			};
			name = Release;
		};
/* End XCBuildConfiguration section */

/* Begin XCConfigurationList section */
		FB628ACA210FD8AC009A56F9 /* Build configuration list for PBXProject "Lecture10" */ = {
			isa = XCConfigurationList;
			buildConfigurations = (
				FB628AE1210FD8B0009A56F9 /* Debug */,
				FB628AE2210FD8B0009A56F9 /* Release */,
			);
			defaultConfigurationIsVisible = 0;
			defaultConfigurationName = Release;
		};
		FB628AE3210FD8B0009A56F9 /* Build configuration list for PBXNativeTarget "Lecture10" */ = {
			isa = XCConfigurationList;
			buildConfigurations = (
				FB628AE4210FD8B0009A56F9 /* Debug */,
				FB628AE5210FD8B0009A56F9 /* Release */,
			);
			defaultConfigurationIsVisible = 0;
			defaultConfigurationName = Release;
		};
/* End XCConfigurationList section */
	};
	rootObject = FB628AC7210FD8AC009A56F9 /* Project object */;
}
