// !$*UTF8*$!
{
	archiveVersion = 1;
	classes = {
	};
	objectVersion = 50;
	objects = {

/* Begin PBXBuildFile section */
		6D6FDCCA20F9AFBF009A31ED /* AppDelegate.swift in Sources */ = {isa = PBXBuildFile; fileRef = 6D6FDCC920F9AFBF009A31ED /* AppDelegate.swift */; };
		6D6FDCCC20F9AFBF009A31ED /* ViewController.swift in Sources */ = {isa = PBXBuildFile; fileRef = 6D6FDCCB20F9AFBF009A31ED /* ViewController.swift */; };
		6D6FDCCF20F9AFBF009A31ED /* Main.storyboard in Resources */ = {isa = PBXBuildFile; fileRef = 6D6FDCCD20F9AFBF009A31ED /* Main.storyboard */; };
		6D6FDCD120F9AFC1009A31ED /* Assets.xcassets in Resources */ = {isa = PBXBuildFile; fileRef = 6D6FDCD020F9AFC1009A31ED /* Assets.xcassets */; };
		6D6FDCD420F9AFC1009A31ED /* LaunchScreen.storyboard in Resources */ = {isa = PBXBuildFile; fileRef = 6D6FDCD220F9AFC1009A31ED /* LaunchScreen.storyboard */; };
		6D6FDCE020F9B6DF009A31ED /* XView.swift in Sources */ = {isa = PBXBuildFile; fileRef = 6D6FDCDF20F9B6DF009A31ED /* XView.swift */; };
		6DF02A3820FD10E6005CB074 /* Grid.swift in Sources */ = {isa = PBXBuildFile; fileRef = 6DF02A3720FD10E6005CB074 /* Grid.swift */; };
/* End PBXBuildFile section */

/* Begin PBXFileReference section */
		6D6FDCC620F9AFBF009A31ED /* Lecture 04.app */ = {isa = PBXFileReference; explicitFileType = wrapper.application; includeInIndex = 0; path = "Lecture 04.app"; sourceTree = BUILT_PRODUCTS_DIR; };
		6D6FDCC920F9AFBF009A31ED /* AppDelegate.swift */ = {isa = PBXFileReference; lastKnownFileType = sourcecode.swift; path = AppDelegate.swift; sourceTree = "<group>"; };
		6D6FDCCB20F9AFBF009A31ED /* ViewController.swift */ = {isa = PBXFileReference; lastKnownFileType = sourcecode.swift; path = ViewController.swift; sourceTree = "<group>"; };
		6D6FDCCE20F9AFBF009A31ED /* Base */ = {isa = PBXFileReference; lastKnownFileType = file.storyboard; name = Base; path = Base.lproj/Main.storyboard; sourceTree = "<group>"; };
		6D6FDCD020F9AFC1009A31ED /* Assets.xcassets */ = {isa = PBXFileReference; lastKnownFileType = folder.assetcatalog; path = Assets.xcassets; sourceTree = "<group>"; };
		6D6FDCD320F9AFC1009A31ED /* Base */ = {isa = PBXFileReference; lastKnownFileType = file.storyboard; name = Base; path = Base.lproj/LaunchScreen.storyboard; sourceTree = "<group>"; };
		6D6FDCD520F9AFC1009A31ED /* Info.plist */ = {isa = PBXFileReference; lastKnownFileType = text.plist.xml; path = Info.plist; sourceTree = "<group>"; };
		6D6FDCDF20F9B6DF009A31ED /* XView.swift */ = {isa = PBXFileReference; lastKnownFileType = sourcecode.swift; path = XView.swift; sourceTree = "<group>"; };
		6DF02A3720FD10E6005CB074 /* Grid.swift */ = {isa = PBXFileReference; lastKnownFileType = sourcecode.swift; path = Grid.swift; sourceTree = "<group>"; };
/* End PBXFileReference section */

/* Begin PBXFrameworksBuildPhase section */
		6D6FDCC320F9AFBF009A31ED /* Frameworks */ = {
			isa = PBXFrameworksBuildPhase;
			buildActionMask = 2147483647;
			files = (
			);
			runOnlyForDeploymentPostprocessing = 0;
		};
/* End PBXFrameworksBuildPhase section */

/* Begin PBXGroup section */
		6D6FDCBD20F9AFBF009A31ED = {
			isa = PBXGroup;
			children = (
				6D6FDCC820F9AFBF009A31ED /* Lecture 04 */,
				6D6FDCC720F9AFBF009A31ED /* Products */,
			);
			sourceTree = "<group>";
		};
		6D6FDCC720F9AFBF009A31ED /* Products */ = {
			isa = PBXGroup;
			children = (
				6D6FDCC620F9AFBF009A31ED /* Lecture 04.app */,
			);
			name = Products;
			sourceTree = "<group>";
		};
		6D6FDCC820F9AFBF009A31ED /* Lecture 04 */ = {
			isa = PBXGroup;
			children = (
				6D6FDCC920F9AFBF009A31ED /* AppDelegate.swift */,
				6D6FDCCB20F9AFBF009A31ED /* ViewController.swift */,
				6D6FDCCD20F9AFBF009A31ED /* Main.storyboard */,
				6D6FDCD020F9AFC1009A31ED /* Assets.xcassets */,
				6D6FDCD220F9AFC1009A31ED /* LaunchScreen.storyboard */,
				6D6FDCD520F9AFC1009A31ED /* Info.plist */,
				6D6FDCDF20F9B6DF009A31ED /* XView.swift */,
				6DF02A3720FD10E6005CB074 /* Grid.swift */,
			);
			path = "Lecture 04";
			sourceTree = "<group>";
		};
/* End PBXGroup section */

/* Begin PBXNativeTarget section */
		6D6FDCC520F9AFBF009A31ED /* Lecture 04 */ = {
			isa = PBXNativeTarget;
			buildConfigurationList = 6D6FDCD820F9AFC1009A31ED /* Build configuration list for PBXNativeTarget "Lecture 04" */;
			buildPhases = (
				6D6FDCC220F9AFBF009A31ED /* Sources */,
				6D6FDCC320F9AFBF009A31ED /* Frameworks */,
				6D6FDCC420F9AFBF009A31ED /* Resources */,
			);
			buildRules = (
			);
			dependencies = (
			);
			name = "Lecture 04";
			productName = "Lecture 04";
			productReference = 6D6FDCC620F9AFBF009A31ED /* Lecture 04.app */;
			productType = "com.apple.product-type.application";
		};
/* End PBXNativeTarget section */

/* Begin PBXProject section */
		6D6FDCBE20F9AFBF009A31ED /* Project object */ = {
			isa = PBXProject;
			attributes = {
				LastSwiftUpdateCheck = 0940;
				LastUpgradeCheck = 0940;
				ORGANIZATIONNAME = "Stephen Akaeze";
				TargetAttributes = {
					6D6FDCC520F9AFBF009A31ED = {
						CreatedOnToolsVersion = 9.4.1;
					};
				};
			};
			buildConfigurationList = 6D6FDCC120F9AFBF009A31ED /* Build configuration list for PBXProject "Lecture 04" */;
			compatibilityVersion = "Xcode 9.3";
			developmentRegion = en;
			hasScannedForEncodings = 0;
			knownRegions = (
				en,
				Base,
			);
			mainGroup = 6D6FDCBD20F9AFBF009A31ED;
			productRefGroup = 6D6FDCC720F9AFBF009A31ED /* Products */;
			projectDirPath = "";
			projectRoot = "";
			targets = (
				6D6FDCC520F9AFBF009A31ED /* Lecture 04 */,
			);
		};
/* End PBXProject section */

/* Begin PBXResourcesBuildPhase section */
		6D6FDCC420F9AFBF009A31ED /* Resources */ = {
			isa = PBXResourcesBuildPhase;
			buildActionMask = 2147483647;
			files = (
				6D6FDCD420F9AFC1009A31ED /* LaunchScreen.storyboard in Resources */,
				6D6FDCD120F9AFC1009A31ED /* Assets.xcassets in Resources */,
				6D6FDCCF20F9AFBF009A31ED /* Main.storyboard in Resources */,
			);
			runOnlyForDeploymentPostprocessing = 0;
		};
/* End PBXResourcesBuildPhase section */

/* Begin PBXSourcesBuildPhase section */
		6D6FDCC220F9AFBF009A31ED /* Sources */ = {
			isa = PBXSourcesBuildPhase;
			buildActionMask = 2147483647;
			files = (
				6D6FDCE020F9B6DF009A31ED /* XView.swift in Sources */,
				6D6FDCCC20F9AFBF009A31ED /* ViewController.swift in Sources */,
				6D6FDCCA20F9AFBF009A31ED /* AppDelegate.swift in Sources */,
				6DF02A3820FD10E6005CB074 /* Grid.swift in Sources */,
			);
			runOnlyForDeploymentPostprocessing = 0;
		};
/* End PBXSourcesBuildPhase section */

/* Begin PBXVariantGroup section */
		6D6FDCCD20F9AFBF009A31ED /* Main.storyboard */ = {
			isa = PBXVariantGroup;
			children = (
				6D6FDCCE20F9AFBF009A31ED /* Base */,
			);
			name = Main.storyboard;
			sourceTree = "<group>";
		};
		6D6FDCD220F9AFC1009A31ED /* LaunchScreen.storyboard */ = {
			isa = PBXVariantGroup;
			children = (
				6D6FDCD320F9AFC1009A31ED /* Base */,
			);
			name = LaunchScreen.storyboard;
			sourceTree = "<group>";
		};
/* End PBXVariantGroup section */

/* Begin XCBuildConfiguration section */
		6D6FDCD620F9AFC1009A31ED /* Debug */ = {
			isa = XCBuildConfiguration;
			buildSettings = {
				ALWAYS_SEARCH_USER_PATHS = NO;
				CLANG_ANALYZER_NONNULL = YES;
				CLANG_ANALYZER_NUMBER_OBJECT_CONVERSION = YES_AGGRESSIVE;
				CLANG_CXX_LANGUAGE_STANDARD = "gnu++14";
				CLANG_CXX_LIBRARY = "libc++";
				CLANG_ENABLE_MODULES = YES;
				CLANG_ENABLE_OBJC_ARC = YES;
				CLANG_ENABLE_OBJC_WEAK = YES;
				CLANG_WARN_BLOCK_CAPTURE_AUTORELEASING = YES;
				CLANG_WARN_BOOL_CONVERSION = YES;
				CLANG_WARN_COMMA = YES;
				CLANG_WARN_CONSTANT_CONVERSION = YES;
				CLANG_WARN_DEPRECATED_OBJC_IMPLEMENTATIONS = YES;
				CLANG_WARN_DIRECT_OBJC_ISA_USAGE = YES_ERROR;
				CLANG_WARN_DOCUMENTATION_COMMENTS = YES;
				CLANG_WARN_EMPTY_BODY = YES;
				CLANG_WARN_ENUM_CONVERSION = YES;
				CLANG_WARN_INFINITE_RECURSION = YES;
				CLANG_WARN_INT_CONVERSION = YES;
				CLANG_WARN_NON_LITERAL_NULL_CONVERSION = YES;
				CLANG_WARN_OBJC_IMPLICIT_RETAIN_SELF = YES;
				CLANG_WARN_OBJC_LITERAL_CONVERSION = YES;
				CLANG_WARN_OBJC_ROOT_CLASS = YES_ERROR;
				CLANG_WARN_RANGE_LOOP_ANALYSIS = YES;
				CLANG_WARN_STRICT_PROTOTYPES = YES;
				CLANG_WARN_SUSPICIOUS_MOVE = YES;
				CLANG_WARN_UNGUARDED_AVAILABILITY = YES_AGGRESSIVE;
				CLANG_WARN_UNREACHABLE_CODE = YES;
				CLANG_WARN__DUPLICATE_METHOD_MATCH = YES;
				CODE_SIGN_IDENTITY = "iPhone Developer";
				COPY_PHASE_STRIP = NO;
				DEBUG_INFORMATION_FORMAT = dwarf;
				ENABLE_STRICT_OBJC_MSGSEND = YES;
				ENABLE_TESTABILITY = YES;
				GCC_C_LANGUAGE_STANDARD = gnu11;
				GCC_DYNAMIC_NO_PIC = NO;
				GCC_NO_COMMON_BLOCKS = YES;
				GCC_OPTIMIZATION_LEVEL = 0;
				GCC_PREPROCESSOR_DEFINITIONS = (
					"DEBUG=1",
					"$(inherited)",
				);
				GCC_WARN_64_TO_32_BIT_CONVERSION = YES;
				GCC_WARN_ABOUT_RETURN_TYPE = YES_ERROR;
				GCC_WARN_UNDECLARED_SELECTOR = YES;
				GCC_WARN_UNINITIALIZED_AUTOS = YES_AGGRESSIVE;
				GCC_WARN_UNUSED_FUNCTION = YES;
				GCC_WARN_UNUSED_VARIABLE = YES;
				IPHONEOS_DEPLOYMENT_TARGET = 11.4;
				MTL_ENABLE_DEBUG_INFO = YES;
				ONLY_ACTIVE_ARCH = YES;
				SDKROOT = iphoneos;
				SWIFT_ACTIVE_COMPILATION_CONDITIONS = DEBUG;
				SWIFT_OPTIMIZATION_LEVEL = "-Onone";
			};
			name = Debug;
		};
		6D6FDCD720F9AFC1009A31ED /* Release */ = {
			isa = XCBuildConfiguration;
			buildSettings = {
				ALWAYS_SEARCH_USER_PATHS = NO;
				CLANG_ANALYZER_NONNULL = YES;
				CLANG_ANALYZER_NUMBER_OBJECT_CONVERSION = YES_AGGRESSIVE;
				CLANG_CXX_LANGUAGE_STANDARD = "gnu++14";
				CLANG_CXX_LIBRARY = "libc++";
				CLANG_ENABLE_MODULES = YES;
				CLANG_ENABLE_OBJC_ARC = YES;
				CLANG_ENABLE_OBJC_WEAK = YES;
				CLANG_WARN_BLOCK_CAPTURE_AUTORELEASING = YES;
				CLANG_WARN_BOOL_CONVERSION = YES;
				CLANG_WARN_COMMA = YES;
				CLANG_WARN_CONSTANT_CONVERSION = YES;
				CLANG_WARN_DEPRECATED_OBJC_IMPLEMENTATIONS = YES;
				CLANG_WARN_DIRECT_OBJC_ISA_USAGE = YES_ERROR;
				CLANG_WARN_DOCUMENTATION_COMMENTS = YES;
				CLANG_WARN_EMPTY_BODY = YES;
				CLANG_WARN_ENUM_CONVERSION = YES;
				CLANG_WARN_INFINITE_RECURSION = YES;
				CLANG_WARN_INT_CONVERSION = YES;
				CLANG_WARN_NON_LITERAL_NULL_CONVERSION = YES;
				CLANG_WARN_OBJC_IMPLICIT_RETAIN_SELF = YES;
				CLANG_WARN_OBJC_LITERAL_CONVERSION = YES;
				CLANG_WARN_OBJC_ROOT_CLASS = YES_ERROR;
				CLANG_WARN_RANGE_LOOP_ANALYSIS = YES;
				CLANG_WARN_STRICT_PROTOTYPES = YES;
				CLANG_WARN_SUSPICIOUS_MOVE = YES;
				CLANG_WARN_UNGUARDED_AVAILABILITY = YES_AGGRESSIVE;
				CLANG_WARN_UNREACHABLE_CODE = YES;
				CLANG_WARN__DUPLICATE_METHOD_MATCH = YES;
				CODE_SIGN_IDENTITY = "iPhone Developer";
				COPY_PHASE_STRIP = NO;
				DEBUG_INFORMATION_FORMAT = "dwarf-with-dsym";
				ENABLE_NS_ASSERTIONS = NO;
				ENABLE_STRICT_OBJC_MSGSEND = YES;
				GCC_C_LANGUAGE_STANDARD = gnu11;
				GCC_NO_COMMON_BLOCKS = YES;
				GCC_WARN_64_TO_32_BIT_CONVERSION = YES;
				GCC_WARN_ABOUT_RETURN_TYPE = YES_ERROR;
				GCC_WARN_UNDECLARED_SELECTOR = YES;
				GCC_WARN_UNINITIALIZED_AUTOS = YES_AGGRESSIVE;
				GCC_WARN_UNUSED_FUNCTION = YES;
				GCC_WARN_UNUSED_VARIABLE = YES;
				IPHONEOS_DEPLOYMENT_TARGET = 11.4;
				MTL_ENABLE_DEBUG_INFO = NO;
				SDKROOT = iphoneos;
				SWIFT_COMPILATION_MODE = wholemodule;
				SWIFT_OPTIMIZATION_LEVEL = "-O";
				VALIDATE_PRODUCT = YES;
			};
			name = Release;
		};
		6D6FDCD920F9AFC1009A31ED /* Debug */ = {
			isa = XCBuildConfiguration;
			buildSettings = {
				ASSETCATALOG_COMPILER_APPICON_NAME = AppIcon;
				CODE_SIGN_STYLE = Automatic;
				INFOPLIST_FILE = "Lecture 04/Info.plist";
				LD_RUNPATH_SEARCH_PATHS = (
					"$(inherited)",
					"@executable_path/Frameworks",
				);
				PRODUCT_BUNDLE_IDENTIFIER = "random.Lecture-04";
				PRODUCT_NAME = "$(TARGET_NAME)";
				SWIFT_VERSION = 4.0;
				TARGETED_DEVICE_FAMILY = "1,2";
			};
			name = Debug;
		};
		6D6FDCDA20F9AFC1009A31ED /* Release */ = {
			isa = XCBuildConfiguration;
			buildSettings = {
				ASSETCATALOG_COMPILER_APPICON_NAME = AppIcon;
				CODE_SIGN_STYLE = Automatic;
				INFOPLIST_FILE = "Lecture 04/Info.plist";
				LD_RUNPATH_SEARCH_PATHS = (
					"$(inherited)",
					"@executable_path/Frameworks",
				);
				PRODUCT_BUNDLE_IDENTIFIER = "random.Lecture-04";
				PRODUCT_NAME = "$(TARGET_NAME)";
				SWIFT_VERSION = 4.0;
				TARGETED_DEVICE_FAMILY = "1,2";
			};
			name = Release;
		};
/* End XCBuildConfiguration section */

/* Begin XCConfigurationList section */
		6D6FDCC120F9AFBF009A31ED /* Build configuration list for PBXProject "Lecture 04" */ = {
			isa = XCConfigurationList;
			buildConfigurations = (
				6D6FDCD620F9AFC1009A31ED /* Debug */,
				6D6FDCD720F9AFC1009A31ED /* Release */,
			);
			defaultConfigurationIsVisible = 0;
			defaultConfigurationName = Release;
		};
		6D6FDCD820F9AFC1009A31ED /* Build configuration list for PBXNativeTarget "Lecture 04" */ = {
			isa = XCConfigurationList;
			buildConfigurations = (
				6D6FDCD920F9AFC1009A31ED /* Debug */,
				6D6FDCDA20F9AFC1009A31ED /* Release */,
			);
			defaultConfigurationIsVisible = 0;
			defaultConfigurationName = Release;
		};
/* End XCConfigurationList section */
	};
	rootObject = 6D6FDCBE20F9AFBF009A31ED /* Project object */;
}
